<?xml version="1.0" encoding="UTF-8"?>
<CONFIG>
  <ProjectOptions>
    <Version Value="10"/>
    <General>
      <Flags>
        <SaveOnlyProjectUnits Value="True"/>
      </Flags>
      <SessionStorage Value="InProjectDir"/>
      <MainUnit Value="0"/>
      <Title Value="Lazarus i18n Template"/>
      <UseAppBundle Value="False"/>
      <ResourceType Value="res"/>
      <UseXPManifest Value="True"/>
    </General>
    <BuildModes Count="1">
      <Item1 Name="Default" Default="True"/>
    </BuildModes>
    <PublishOptions>
      <Version Value="2"/>
      <IncludeFileFilter Value="*.(pas|pp|inc|lfm|lpr|lrs|lpi|lpk|sh|xml)"/>
      <ExcludeFileFilter Value="*.(bak|ppu|ppw|o|so);*~;backup"/>
    </PublishOptions>
    <RunParams>
      <local>
        <FormatVersion Value="1"/>
      </local>
    </RunParams>
    <RequiredPackages Count="1">
      <Item1>
        <PackageName Value="LCL"/>
        <MinVersion Major="1" Valid="True"/>
      </Item1>
    </RequiredPackages>
    <Units Count="5">
      <Unit0>
        <Filename Value="lazarus_i18n_template.lpr"/>
        <IsPartOfProject Value="True"/>
      </Unit0>
      <Unit1>
        <Filename Value="src/main.pas"/>
        <IsPartOfProject Value="True"/>
        <ComponentName Value="frmMain"/>
        <HasResources Value="True"/>
        <ResourceBaseClass Value="Form"/>
        <UnitName Value="main"/>
      </Unit1>
      <Unit2>
        <Filename Value="src/frmoptions.pas"/>
        <IsPartOfProject Value="True"/>
        <ComponentName Value="OptionsForm"/>
        <HasResources Value="True"/>
        <ResourceBaseClass Value="Form"/>
        <UnitName Value="frmoptions"/>
      </Unit2>
      <Unit3>
        <Filename Value="src/uLocale.pas"/>
        <IsPartOfProject Value="True"/>
        <UnitName Value="uLocale"/>
      </Unit3>
      <Unit4>
        <Filename Value="src/uConfig.pas"/>
        <IsPartOfProject Value="True"/>
        <UnitName Value="uConfig"/>
      </Unit4>
    </Units>
  </ProjectOptions>
  <CompilerOptions>
    <Version Value="11"/>
    <Target>
      <Filename Value="lazarus_i18n_template"/>
    </Target>
    <SearchPaths>
      <IncludeFiles Value="src"/>
      <OtherUnitFiles Value="src"/>
      <UnitOutputDirectory Value="lib/$(TargetCPU)-$(TargetOS)"/>
    </SearchPaths>
    <Linking>
      <Options>
        <Win32>
          <GraphicApplication Value="True"/>
        </Win32>
      </Options>
    </Linking>
  </CompilerOptions>
</CONFIG>
